
Microsoft Visual Studio Solution File, Format Version 12.00
# Visual Studio Version 17
VisualStudioVersion = 17.8.34511.84
MinimumVisualStudioVersion = 10.0.40219.1
Project("{FAE04EC0-301F-11D3-BF4B-00C04F79EFBC}") = "OPC5_Blogapp", "OPC5_Blogapp.csproj", "{EF129FAA-9FE6-47C3-B720-98D79DD8CE88}"
EndProject
Global
	GlobalSection(SolutionConfigurationPlatforms) = preSolution
		Debug|Any CPU = Debug|Any CPU
		Release|Any CPU = Release|Any CPU
	EndGlobalSection
	GlobalSection(ProjectConfigurationPlatforms) = postSolution
		{EF129FAA-9FE6-47C3-B720-98D79DD8CE88}.Debug|Any CPU.ActiveCfg = Debug|Any CPU
		{EF129FAA-9FE6-47C3-B720-98D79DD8CE88}.Debug|Any CPU.Build.0 = Debug|Any CPU
		{EF129FAA-9FE6-47C3-B720-98D79DD8CE88}.Release|Any CPU.ActiveCfg = Release|Any CPU
		{EF129FAA-9FE6-47C3-B720-98D79DD8CE88}.Release|Any CPU.Build.0 = Release|Any CPU
	EndGlobalSection
	GlobalSection(SolutionProperties) = preSolution
		HideSolutionNode = FALSE
	EndGlobalSection
	GlobalSection(ExtensibilityGlobals) = postSolution
		SolutionGuid = {625607C7-3A1D-4245-9194-6CB681777715}
	EndGlobalSection
EndGlobal
